
Microsoft Visual Studio Solution File, Format Version 12.00
# Visual Studio 2012
Project("{FAE04EC0-301F-11D3-BF4B-00C04F79EFBC}") = "IS.Dashboard.BIReports.SSRS", "ReportsApplication1\IS.Dashboard.BIReports.SSRS.csproj", "{2EB4D2DD-B778-43B9-82C2-B4CC504F1CB8}"
EndProject
Project("{FAE04EC0-301F-11D3-BF4B-00C04F79EFBC}") = "IS.Dashboard.UnitTesting.Business", "UnitTestProject1\IS.Dashboard.UnitTesting.Business.csproj", "{23F3FF24-DEE3-499B-9DAD-E8DE2E99D59A}"
EndProject
Project("{2150E333-8FDC-42A3-9474-1A3956D46DE8}") = "Presentation", "Presentation", "{92CA6CD9-9F47-4A73-BFE1-193CB502B6E9}"
EndProject
Project("{2150E333-8FDC-42A3-9474-1A3956D46DE8}") = "Web", "Web", "{6D516642-9231-4903-8930-499538AA5AFF}"
EndProject
Project("{2150E333-8FDC-42A3-9474-1A3956D46DE8}") = "Win", "Win", "{45A1C322-93C8-44E6-9D90-1AFA43AD6B3D}"
EndProject
Project("{2150E333-8FDC-42A3-9474-1A3956D46DE8}") = "BIReports", "BIReports", "{2E357E86-28BE-453A-A99F-E9DE17F858AE}"
EndProject
Project("{2150E333-8FDC-42A3-9474-1A3956D46DE8}") = "SSRS", "SSRS", "{5D9D7FD0-271F-4735-95AB-5E06DF927B2A}"
EndProject
Project("{2150E333-8FDC-42A3-9474-1A3956D46DE8}") = "UnitTesting", "UnitTesting", "{98718684-83B4-4ABC-A8E5-88A3F7C25BA6}"
EndProject
Project("{2150E333-8FDC-42A3-9474-1A3956D46DE8}") = "Business", "Business", "{74D5426F-EA6D-4ED3-B095-A1B5EAEA0841}"
EndProject
Project("{2150E333-8FDC-42A3-9474-1A3956D46DE8}") = "Service", "Service", "{2762ADB0-BE3D-4139-88D0-FDBB41B0F96B}"
EndProject
Project("{2150E333-8FDC-42A3-9474-1A3956D46DE8}") = "Database", "Database", "{68D6A7D0-879E-4AFB-824C-B22E714CAABD}"
	ProjectSection(SolutionItems) = preProject
		..\..\Documents\script.sql = ..\..\Documents\script.sql
	EndProjectSection
EndProject
Project("{FAE04EC0-301F-11D3-BF4B-00C04F79EFBC}") = "IS.Dashboard.UnitTesting.Service", "IS.Dashboard.UnitTesting.Service\IS.Dashboard.UnitTesting.Service.csproj", "{7B70DF66-6874-4A15-BB46-2337BEA64F9C}"
EndProject
Project("{FAE04EC0-301F-11D3-BF4B-00C04F79EFBC}") = "IS.Dashboard.Repository", "IS.dashboard.Repository\IS.Dashboard.Repository.csproj", "{96D9DCBB-6EEA-45DD-BECB-E819C17E6728}"
EndProject
Project("{FAE04EC0-301F-11D3-BF4B-00C04F79EFBC}") = "IS.Dashboard.Model", "IS.Dashboard.Model\IS.Dashboard.Model.csproj", "{1B18317E-502E-4D3B-BECC-C2A80A911CF5}"
EndProject
Project("{2150E333-8FDC-42A3-9474-1A3956D46DE8}") = "Common", "Common", "{237B93E3-696F-4C94-B087-FB290FB6B8BC}"
EndProject
Project("{00D1A9C2-B5F0-4AF3-8072-F6C62B433612}") = "IS.Dashboard.Dashboard", "IS.Dashboard.Dashboard\IS.Dashboard.Dashboard.sqlproj", "{1DA1E9E4-5E83-4454-9CA6-ABC877C16FC8}"
EndProject
Project("{FAE04EC0-301F-11D3-BF4B-00C04F79EFBC}") = "IS.Dashboard.Common", "IS.Dashboard.Common\IS.Dashboard.Common.csproj", "{34B53D1F-7582-452E-A3F7-C85FC5B501C5}"
EndProject
Project("{FAE04EC0-301F-11D3-BF4B-00C04F79EFBC}") = "IS.Dashboard.Presentation.Web", "IS.Dashboard.Presentation\IS.Dashboard.Presentation.Web.csproj", "{FA1670B3-CD60-4096-949E-5DA126F2B844}"
EndProject
Project("{FAE04EC0-301F-11D3-BF4B-00C04F79EFBC}") = "IS.Dashboard.Business", "IS.Dashboard.Business\IS.Dashboard.Business.csproj", "{A76A38F3-2F09-4B75-82D7-341DF79F2825}"
EndProject
Project("{FAE04EC0-301F-11D3-BF4B-00C04F79EFBC}") = "IS.Dashboard.Service", "IS.Dashboard.Service\IS.Dashboard.Service.csproj", "{C2119C71-6FEC-4E51-B449-D37CDEC1C544}"
EndProject
Global
	GlobalSection(SolutionConfigurationPlatforms) = preSolution
		Debug|Any CPU = Debug|Any CPU
		Release|Any CPU = Release|Any CPU
	EndGlobalSection
	GlobalSection(ProjectConfigurationPlatforms) = postSolution
		{2EB4D2DD-B778-43B9-82C2-B4CC504F1CB8}.Debug|Any CPU.ActiveCfg = Debug|Any CPU
		{2EB4D2DD-B778-43B9-82C2-B4CC504F1CB8}.Debug|Any CPU.Build.0 = Debug|Any CPU
		{2EB4D2DD-B778-43B9-82C2-B4CC504F1CB8}.Release|Any CPU.ActiveCfg = Release|Any CPU
		{2EB4D2DD-B778-43B9-82C2-B4CC504F1CB8}.Release|Any CPU.Build.0 = Release|Any CPU
		{23F3FF24-DEE3-499B-9DAD-E8DE2E99D59A}.Debug|Any CPU.ActiveCfg = Debug|Any CPU
		{23F3FF24-DEE3-499B-9DAD-E8DE2E99D59A}.Debug|Any CPU.Build.0 = Debug|Any CPU
		{23F3FF24-DEE3-499B-9DAD-E8DE2E99D59A}.Release|Any CPU.ActiveCfg = Release|Any CPU
		{23F3FF24-DEE3-499B-9DAD-E8DE2E99D59A}.Release|Any CPU.Build.0 = Release|Any CPU
		{7B70DF66-6874-4A15-BB46-2337BEA64F9C}.Debug|Any CPU.ActiveCfg = Debug|Any CPU
		{7B70DF66-6874-4A15-BB46-2337BEA64F9C}.Debug|Any CPU.Build.0 = Debug|Any CPU
		{7B70DF66-6874-4A15-BB46-2337BEA64F9C}.Release|Any CPU.ActiveCfg = Release|Any CPU
		{7B70DF66-6874-4A15-BB46-2337BEA64F9C}.Release|Any CPU.Build.0 = Release|Any CPU
		{96D9DCBB-6EEA-45DD-BECB-E819C17E6728}.Debug|Any CPU.ActiveCfg = Debug|Any CPU
		{96D9DCBB-6EEA-45DD-BECB-E819C17E6728}.Debug|Any CPU.Build.0 = Debug|Any CPU
		{96D9DCBB-6EEA-45DD-BECB-E819C17E6728}.Release|Any CPU.ActiveCfg = Release|Any CPU
		{96D9DCBB-6EEA-45DD-BECB-E819C17E6728}.Release|Any CPU.Build.0 = Release|Any CPU
		{1B18317E-502E-4D3B-BECC-C2A80A911CF5}.Debug|Any CPU.ActiveCfg = Debug|Any CPU
		{1B18317E-502E-4D3B-BECC-C2A80A911CF5}.Debug|Any CPU.Build.0 = Debug|Any CPU
		{1B18317E-502E-4D3B-BECC-C2A80A911CF5}.Release|Any CPU.ActiveCfg = Release|Any CPU
		{1B18317E-502E-4D3B-BECC-C2A80A911CF5}.Release|Any CPU.Build.0 = Release|Any CPU
		{1DA1E9E4-5E83-4454-9CA6-ABC877C16FC8}.Debug|Any CPU.ActiveCfg = Debug|Any CPU
		{1DA1E9E4-5E83-4454-9CA6-ABC877C16FC8}.Debug|Any CPU.Build.0 = Debug|Any CPU
		{1DA1E9E4-5E83-4454-9CA6-ABC877C16FC8}.Debug|Any CPU.Deploy.0 = Debug|Any CPU
		{1DA1E9E4-5E83-4454-9CA6-ABC877C16FC8}.Release|Any CPU.ActiveCfg = Release|Any CPU
		{1DA1E9E4-5E83-4454-9CA6-ABC877C16FC8}.Release|Any CPU.Build.0 = Release|Any CPU
		{1DA1E9E4-5E83-4454-9CA6-ABC877C16FC8}.Release|Any CPU.Deploy.0 = Release|Any CPU
		{34B53D1F-7582-452E-A3F7-C85FC5B501C5}.Debug|Any CPU.ActiveCfg = Debug|Any CPU
		{34B53D1F-7582-452E-A3F7-C85FC5B501C5}.Debug|Any CPU.Build.0 = Debug|Any CPU
		{34B53D1F-7582-452E-A3F7-C85FC5B501C5}.Release|Any CPU.ActiveCfg = Release|Any CPU
		{34B53D1F-7582-452E-A3F7-C85FC5B501C5}.Release|Any CPU.Build.0 = Release|Any CPU
		{FA1670B3-CD60-4096-949E-5DA126F2B844}.Debug|Any CPU.ActiveCfg = Debug|Any CPU
		{FA1670B3-CD60-4096-949E-5DA126F2B844}.Debug|Any CPU.Build.0 = Debug|Any CPU
		{FA1670B3-CD60-4096-949E-5DA126F2B844}.Release|Any CPU.ActiveCfg = Release|Any CPU
		{FA1670B3-CD60-4096-949E-5DA126F2B844}.Release|Any CPU.Build.0 = Release|Any CPU
		{A76A38F3-2F09-4B75-82D7-341DF79F2825}.Debug|Any CPU.ActiveCfg = Debug|Any CPU
		{A76A38F3-2F09-4B75-82D7-341DF79F2825}.Debug|Any CPU.Build.0 = Debug|Any CPU
		{A76A38F3-2F09-4B75-82D7-341DF79F2825}.Release|Any CPU.ActiveCfg = Release|Any CPU
		{A76A38F3-2F09-4B75-82D7-341DF79F2825}.Release|Any CPU.Build.0 = Release|Any CPU
		{C2119C71-6FEC-4E51-B449-D37CDEC1C544}.Debug|Any CPU.ActiveCfg = Debug|Any CPU
		{C2119C71-6FEC-4E51-B449-D37CDEC1C544}.Debug|Any CPU.Build.0 = Debug|Any CPU
		{C2119C71-6FEC-4E51-B449-D37CDEC1C544}.Release|Any CPU.ActiveCfg = Release|Any CPU
		{C2119C71-6FEC-4E51-B449-D37CDEC1C544}.Release|Any CPU.Build.0 = Release|Any CPU
	EndGlobalSection
	GlobalSection(SolutionProperties) = preSolution
		HideSolutionNode = FALSE
	EndGlobalSection
	GlobalSection(NestedProjects) = preSolution
		{5D9D7FD0-271F-4735-95AB-5E06DF927B2A} = {2E357E86-28BE-453A-A99F-E9DE17F858AE}
		{74D5426F-EA6D-4ED3-B095-A1B5EAEA0841} = {98718684-83B4-4ABC-A8E5-88A3F7C25BA6}
		{2762ADB0-BE3D-4139-88D0-FDBB41B0F96B} = {98718684-83B4-4ABC-A8E5-88A3F7C25BA6}
		{6D516642-9231-4903-8930-499538AA5AFF} = {92CA6CD9-9F47-4A73-BFE1-193CB502B6E9}
		{45A1C322-93C8-44E6-9D90-1AFA43AD6B3D} = {92CA6CD9-9F47-4A73-BFE1-193CB502B6E9}
		{FA1670B3-CD60-4096-949E-5DA126F2B844} = {6D516642-9231-4903-8930-499538AA5AFF}
		{2EB4D2DD-B778-43B9-82C2-B4CC504F1CB8} = {5D9D7FD0-271F-4735-95AB-5E06DF927B2A}
		{23F3FF24-DEE3-499B-9DAD-E8DE2E99D59A} = {74D5426F-EA6D-4ED3-B095-A1B5EAEA0841}
		{7B70DF66-6874-4A15-BB46-2337BEA64F9C} = {2762ADB0-BE3D-4139-88D0-FDBB41B0F96B}
		{1DA1E9E4-5E83-4454-9CA6-ABC877C16FC8} = {68D6A7D0-879E-4AFB-824C-B22E714CAABD}
		{34B53D1F-7582-452E-A3F7-C85FC5B501C5} = {237B93E3-696F-4C94-B087-FB290FB6B8BC}
	EndGlobalSection
EndGlobal
